
Microsoft Visual Studio Solution File, Format Version 12.00
# Visual Studio Version 17
VisualStudioVersion = 17.11.35327.3
MinimumVisualStudioVersion = 10.0.40219.1
Project("{FAE04EC0-301F-11D3-BF4B-00C04F79EFBC}") = "BddSpecFlowTests", "BddSpecFlowTests\BddSpecFlowTests.csproj", "{8261DCBB-68D0-4949-AFA9-48B1862123B9}"
EndProject
Global
	GlobalSection(SolutionConfigurationPlatforms) = preSolution
		Debug|Any CPU = Debug|Any CPU
		Release|Any CPU = Release|Any CPU
	EndGlobalSection
	GlobalSection(ProjectConfigurationPlatforms) = postSolution
		{8261DCBB-68D0-4949-AFA9-48B1862123B9}.Debug|Any CPU.ActiveCfg = Debug|Any CPU
		{8261DCBB-68D0-4949-AFA9-48B1862123B9}.Debug|Any CPU.Build.0 = Debug|Any CPU
		{8261DCBB-68D0-4949-AFA9-48B1862123B9}.Release|Any CPU.ActiveCfg = Release|Any CPU
		{8261DCBB-68D0-4949-AFA9-48B1862123B9}.Release|Any CPU.Build.0 = Release|Any CPU
	EndGlobalSection
	GlobalSection(SolutionProperties) = preSolution
		HideSolutionNode = FALSE
	EndGlobalSection
	GlobalSection(ExtensibilityGlobals) = postSolution
		SolutionGuid = {4A7C4580-EC70-4647-AD69-2791C0EDD096}
	EndGlobalSection
EndGlobal
